
Microsoft Visual Studio Solution File, Format Version 12.00
# Visual Studio Version 17
VisualStudioVersion = 17.10.34916.146
MinimumVisualStudioVersion = 10.0.40219.1
Project("{FAE04EC0-301F-11D3-BF4B-00C04F79EFBC}") = "ej3", "ej3.csproj", "{EE2174C9-2924-4DF5-BFC5-E595399B1B08}"
EndProject
Global
	GlobalSection(SolutionConfigurationPlatforms) = preSolution
		Debug|Any CPU = Debug|Any CPU
		Release|Any CPU = Release|Any CPU
	EndGlobalSection
	GlobalSection(ProjectConfigurationPlatforms) = postSolution
		{EE2174C9-2924-4DF5-BFC5-E595399B1B08}.Debug|Any CPU.ActiveCfg = Debug|Any CPU
		{EE2174C9-2924-4DF5-BFC5-E595399B1B08}.Debug|Any CPU.Build.0 = Debug|Any CPU
		{EE2174C9-2924-4DF5-BFC5-E595399B1B08}.Release|Any CPU.ActiveCfg = Release|Any CPU
		{EE2174C9-2924-4DF5-BFC5-E595399B1B08}.Release|Any CPU.Build.0 = Release|Any CPU
	EndGlobalSection
	GlobalSection(SolutionProperties) = preSolution
		HideSolutionNode = FALSE
	EndGlobalSection
	GlobalSection(ExtensibilityGlobals) = postSolution
		SolutionGuid = {5A1B1504-0575-4C66-9517-343E6D7EA587}
	EndGlobalSection
EndGlobal
