
Microsoft Visual Studio Solution File, Format Version 12.00
# Visual Studio Version 17
VisualStudioVersion = 17.10.35122.118
MinimumVisualStudioVersion = 10.0.40219.1
Project("{FAE04EC0-301F-11D3-BF4B-00C04F79EFBC}") = "ej1", "ej1.csproj", "{9C878623-A8EA-4810-8C3E-8407B15B5C02}"
EndProject
Global
	GlobalSection(SolutionConfigurationPlatforms) = preSolution
		Debug|Any CPU = Debug|Any CPU
		Release|Any CPU = Release|Any CPU
	EndGlobalSection
	GlobalSection(ProjectConfigurationPlatforms) = postSolution
		{9C878623-A8EA-4810-8C3E-8407B15B5C02}.Debug|Any CPU.ActiveCfg = Debug|Any CPU
		{9C878623-A8EA-4810-8C3E-8407B15B5C02}.Debug|Any CPU.Build.0 = Debug|Any CPU
		{9C878623-A8EA-4810-8C3E-8407B15B5C02}.Release|Any CPU.ActiveCfg = Release|Any CPU
		{9C878623-A8EA-4810-8C3E-8407B15B5C02}.Release|Any CPU.Build.0 = Release|Any CPU
	EndGlobalSection
	GlobalSection(SolutionProperties) = preSolution
		HideSolutionNode = FALSE
	EndGlobalSection
	GlobalSection(ExtensibilityGlobals) = postSolution
		SolutionGuid = {E4DDB10C-D795-4E13-9E18-ED725D21AF44}
	EndGlobalSection
EndGlobal
