
Microsoft Visual Studio Solution File, Format Version 12.00
# Visual Studio Version 17
VisualStudioVersion = 17.10.35201.131
MinimumVisualStudioVersion = 10.0.40219.1
Project("{FAE04EC0-301F-11D3-BF4B-00C04F79EFBC}") = "ej15", "ej15.csproj", "{2B660220-10C0-4DF1-BD47-AC7282C66C83}"
EndProject
Global
	GlobalSection(SolutionConfigurationPlatforms) = preSolution
		Debug|Any CPU = Debug|Any CPU
		Release|Any CPU = Release|Any CPU
	EndGlobalSection
	GlobalSection(ProjectConfigurationPlatforms) = postSolution
		{2B660220-10C0-4DF1-BD47-AC7282C66C83}.Debug|Any CPU.ActiveCfg = Debug|Any CPU
		{2B660220-10C0-4DF1-BD47-AC7282C66C83}.Debug|Any CPU.Build.0 = Debug|Any CPU
		{2B660220-10C0-4DF1-BD47-AC7282C66C83}.Release|Any CPU.ActiveCfg = Release|Any CPU
		{2B660220-10C0-4DF1-BD47-AC7282C66C83}.Release|Any CPU.Build.0 = Release|Any CPU
	EndGlobalSection
	GlobalSection(SolutionProperties) = preSolution
		HideSolutionNode = FALSE
	EndGlobalSection
	GlobalSection(ExtensibilityGlobals) = postSolution
		SolutionGuid = {4BA2A714-8EB6-46CD-99DE-FB61D3472F14}
	EndGlobalSection
EndGlobal
